{
  "nodes": {
    "crane": {
      "inputs": {
        "nixpkgs": "nixpkgs_2"
      },
      "locked": {
        "lastModified": 1721842668,
        "narHash": "sha256-k3oiD2z2AAwBFLa4+xfU+7G5fisRXfkvrMTCJrjZzXo=",
        "owner": "ipetkov",
        "repo": "crane",
        "rev": "529c1a0b1f29f0d78fa3086b8f6a134c71ef3aaf",
        "type": "github"
      },
      "original": {
        "owner": "ipetkov",
        "repo": "crane",
        "type": "github"
      }
    },
    "crane_2": {
      "inputs": {
        "nixpkgs": "nixpkgs_3"
      },
      "locked": {
        "lastModified": 1721842668,
        "narHash": "sha256-k3oiD2z2AAwBFLa4+xfU+7G5fisRXfkvrMTCJrjZzXo=",
        "owner": "ipetkov",
        "repo": "crane",
        "rev": "529c1a0b1f29f0d78fa3086b8f6a134c71ef3aaf",
        "type": "github"
      },
      "original": {
        "owner": "ipetkov",
        "repo": "crane",
        "type": "github"
      }
    },
    "crane_3": {
      "inputs": {
        "nixpkgs": "nixpkgs_4"
      },
      "locked": {
        "lastModified": 1722704454,
        "narHash": "sha256-lcut8uZMSa80z+aWpxg+9nM8BKWtpU59rtcpMXtHd1Q=",
        "owner": "ipetkov",
        "repo": "crane",
        "rev": "852a59f9672c3413d75bca2b3e9cb4c661cacfc3",
        "type": "github"
      },
      "original": {
        "owner": "ipetkov",
        "repo": "crane",
        "type": "github"
      }
    },
    "deploy-rs": {
      "inputs": {
        "flake-compat": "flake-compat",
        "nixpkgs": [
          "nixpkgs"
        ],
        "utils": "utils"
      },
      "locked": {
        "lastModified": 1718194053,
        "narHash": "sha256-FaGrf7qwZ99ehPJCAwgvNY5sLCqQ3GDiE/6uLhxxwSY=",
        "owner": "serokell",
        "repo": "deploy-rs",
        "rev": "3867348fa92bc892eba5d9ddb2d7a97b9e127a8a",
        "type": "github"
      },
      "original": {
        "owner": "serokell",
        "repo": "deploy-rs",
        "type": "github"
      }
    },
    "flake-compat": {
      "flake": false,
      "locked": {
        "lastModified": 1696426674,
        "narHash": "sha256-kvjfFW7WAETZlt09AgDn1MrtKzP7t90Vf7vypd3OL1U=",
        "owner": "edolstra",
        "repo": "flake-compat",
        "rev": "0f9255e01c2351cc7d116c072cb317785dd33b33",
        "type": "github"
      },
      "original": {
        "owner": "edolstra",
        "repo": "flake-compat",
        "type": "github"
      }
    },
    "flake-utils": {
      "inputs": {
        "systems": "systems_2"
      },
      "locked": {
        "lastModified": 1710146030,
        "narHash": "sha256-SZ5L6eA7HJ/nmkzGG7/ISclqe6oZdOZTNoesiInkXPQ=",
        "owner": "numtide",
        "repo": "flake-utils",
        "rev": "b1d9ab70662946ef0850d488da1c9019f3a9752a",
        "type": "github"
      },
      "original": {
        "owner": "numtide",
        "repo": "flake-utils",
        "type": "github"
      }
    },
    "mc-forge-nix": {
      "inputs": {
        "flake-utils": "flake-utils",
        "nixpkgs": [
          "nixpkgs"
        ]
      },
      "locked": {
        "lastModified": 1722650813,
        "narHash": "sha256-bLIOLtqi8g2QImekFfdaIgBm1w/Fo2PE1GFDotZ5tHg=",
        "owner": "EduRenesto",
        "repo": "minecraft-forge-nix",
        "rev": "3958f43a25b00ef9b076c192ed895e03d84496da",
        "type": "github"
      },
      "original": {
        "owner": "EduRenesto",
        "repo": "minecraft-forge-nix",
        "type": "github"
      }
    },
    "nixpkgs": {
      "locked": {
        "lastModified": 1722650261,
        "narHash": "sha256-Zg8t0jVFadWor0rSEyY0Rzk3DJl1il8jWtF7nyb6ff8=",
        "owner": "NixOS",
        "repo": "nixpkgs",
        "rev": "54aac3b3bbc39d2c22938d7a4eff49eaaa517e7a",
        "type": "github"
      },
      "original": {
        "owner": "NixOS",
        "repo": "nixpkgs",
        "type": "github"
      }
    },
    "nixpkgs_2": {
      "locked": {
        "lastModified": 1721116560,
        "narHash": "sha256-++TYlGMAJM1Q+0nMVaWBSEvEUjRs7ZGiNQOpqbQApCU=",
        "owner": "NixOS",
        "repo": "nixpkgs",
        "rev": "9355fa86e6f27422963132c2c9aeedb0fb963d93",
        "type": "github"
      },
      "original": {
        "owner": "NixOS",
        "ref": "nixpkgs-unstable",
        "repo": "nixpkgs",
        "type": "github"
      }
    },
    "nixpkgs_3": {
      "locked": {
        "lastModified": 1721116560,
        "narHash": "sha256-++TYlGMAJM1Q+0nMVaWBSEvEUjRs7ZGiNQOpqbQApCU=",
        "owner": "NixOS",
        "repo": "nixpkgs",
        "rev": "9355fa86e6f27422963132c2c9aeedb0fb963d93",
        "type": "github"
      },
      "original": {
        "owner": "NixOS",
        "ref": "nixpkgs-unstable",
        "repo": "nixpkgs",
        "type": "github"
      }
    },
    "nixpkgs_4": {
      "locked": {
        "lastModified": 1722640603,
        "narHash": "sha256-TcXjLVNd3VeH1qKPH335Tc4RbFDbZQX+d7rqnDUoRaY=",
        "owner": "NixOS",
        "repo": "nixpkgs",
        "rev": "81610abc161d4021b29199aa464d6a1a521e0cc9",
        "type": "github"
      },
      "original": {
        "owner": "NixOS",
        "ref": "nixpkgs-unstable",
        "repo": "nixpkgs",
        "type": "github"
      }
    },
    "root": {
      "inputs": {
        "deploy-rs": "deploy-rs",
        "mc-forge-nix": "mc-forge-nix",
        "nixpkgs": "nixpkgs",
        "rouxinold-autohalt": "rouxinold-autohalt",
        "rouxinold-bot": "rouxinold-bot",
        "rouxinold-mc-exporter": "rouxinold-mc-exporter"
      }
    },
    "rouxinold-autohalt": {
      "inputs": {
        "crane": "crane",
        "nixpkgs": [
          "nixpkgs"
        ]
      },
      "locked": {
        "lastModified": 1722708962,
        "narHash": "sha256-rHyQhzjOP4nf5tCo6BhEG1htMZ5tcy8WZS6r9bH5E8U=",
        "owner": "EduRenesto",
        "repo": "rouxinold-autohalt",
        "rev": "17b4763b780b0058f0659acb1312c5c9108168e3",
        "type": "github"
      },
      "original": {
        "owner": "EduRenesto",
        "ref": "v0.1.0",
        "repo": "rouxinold-autohalt",
        "type": "github"
      }
    },
    "rouxinold-bot": {
      "inputs": {
        "crane": "crane_2",
        "nixpkgs": [
          "nixpkgs"
        ]
      },
      "locked": {
        "lastModified": 1722645067,
        "narHash": "sha256-VfrlMAInmXBNmUbkBuvE+G/UyQkNodBiduNB+0Y1gTw=",
        "owner": "EduRenesto",
        "repo": "rouxinold-bot",
        "rev": "cd946a000b97ff13800b98b5aaf10db2dfc7c8a1",
        "type": "github"
      },
      "original": {
        "owner": "EduRenesto",
        "repo": "rouxinold-bot",
        "type": "github"
      }
    },
    "rouxinold-mc-exporter": {
      "inputs": {
        "crane": "crane_3",
        "nixpkgs": [
          "nixpkgs"
        ]
      },
      "locked": {
        "lastModified": 1722717929,
        "narHash": "sha256-i0JuP05wIz4SQtbA0Uxxxef+B3wsrbRFgbIXp1p2lMY=",
        "owner": "EduRenesto",
        "repo": "rouxinold-mc-exporter",
        "rev": "6a914d5c5f01a56e162f68c10234a85dab895a07",
        "type": "github"
      },
      "original": {
        "owner": "EduRenesto",
        "ref": "v0.1.0",
        "repo": "rouxinold-mc-exporter",
        "type": "github"
      }
    },
    "systems": {
      "locked": {
        "lastModified": 1681028828,
        "narHash": "sha256-Vy1rq5AaRuLzOxct8nz4T6wlgyUR7zLU309k9mBC768=",
        "owner": "nix-systems",
        "repo": "default",
        "rev": "da67096a3b9bf56a91d16901293e51ba5b49a27e",
        "type": "github"
      },
      "original": {
        "owner": "nix-systems",
        "repo": "default",
        "type": "github"
      }
    },
    "systems_2": {
      "locked": {
        "lastModified": 1681028828,
        "narHash": "sha256-Vy1rq5AaRuLzOxct8nz4T6wlgyUR7zLU309k9mBC768=",
        "owner": "nix-systems",
        "repo": "default",
        "rev": "da67096a3b9bf56a91d16901293e51ba5b49a27e",
        "type": "github"
      },
      "original": {
        "owner": "nix-systems",
        "repo": "default",
        "type": "github"
      }
    },
    "utils": {
      "inputs": {
        "systems": "systems"
      },
      "locked": {
        "lastModified": 1701680307,
        "narHash": "sha256-kAuep2h5ajznlPMD9rnQyffWG8EM/C73lejGofXvdM8=",
        "owner": "numtide",
        "repo": "flake-utils",
        "rev": "4022d587cbbfd70fe950c1e2083a02621806a725",
        "type": "github"
      },
      "original": {
        "owner": "numtide",
        "repo": "flake-utils",
        "type": "github"
      }
    }
  },
  "root": "root",
  "version": 7
}
