{"version":4,"terraform_version":"1.8.0","serial":64,"lineage":"534a393d-05c7-435e-5c46-73f54d9d54a8","outputs":{"blah":{"value":[{"compartment_id":"ocid1.tenancy.oc1..aaaaaaaaynhtffelvbs3rxrzftynrid6hoivssapk2khapbi5qorw2gycypa","id":"ocid1.availabilitydomain.oc1..aaaaaaaay5nesbty7quxigdwtp7axotkcglzi43jvfrnwvbv4dgjerqwxf5a","name":"juZR:SA-SAOPAULO-1-AD-1"}],"type":["list",["object",{"compartment_id":"string","id":"string","name":"string"}]]},"compartment-name":{"value":"patota","type":"string"},"compartment-ocid":{"value":"ocid1.compartment.oc1..aaaaaaaas72p2wroszmzi5i35krzdoi7gl4i34sjowctwlv4h2gyybvwilda","type":"string"},"mc_public_bucket_ocid":{"value":"n/grytuiwswqfo/b/mc_public","type":"string"},"rxnl-mc1-ip":{"value":"168.138.142.71","type":"string"},"rxnl-mc1-ocid":{"value":"ocid1.instance.oc1.sa-saopaulo-1.antxeljry6pyv7icfw5kfzeexdixhcinu63daydarcey462hhxhccnh75nsq","type":"string"},"rxnl-wdog-ip":{"value":"144.22.169.245","type":"string"},"rxnl-wdog-ocid":{"value":"ocid1.instance.oc1.sa-saopaulo-1.antxeljry6pyv7ic6exni4bljfgypr3piung4lcnyegqr35ilk7xxr5om2kq","type":"string"}},"resources":[{"mode":"data","type":"oci_identity_availability_domains","name":"ads","provider":"provider[\"registry.opentofu.org/oracle/oci\"]","instances":[{"schema_version":0,"attributes":{"availability_domains":[{"compartment_id":"ocid1.tenancy.oc1..aaaaaaaaynhtffelvbs3rxrzftynrid6hoivssapk2khapbi5qorw2gycypa","id":"ocid1.availabilitydomain.oc1..aaaaaaaay5nesbty7quxigdwtp7axotkcglzi43jvfrnwvbv4dgjerqwxf5a","name":"juZR:SA-SAOPAULO-1-AD-1"}],"compartment_id":"ocid1.tenancy.oc1..aaaaaaaaynhtffelvbs3rxrzftynrid6hoivssapk2khapbi5qorw2gycypa","filter":null,"id":"IdentityAvailabilityDomainsDataSource-2501145521"},"sensitive_attributes":[]}]},{"mode":"managed","type":"cloudflare_record","name":"rxnl-grafana","provider":"provider[\"registry.opentofu.org/cloudflare/cloudflare\"]","instances":[{"schema_version":2,"attributes":{"allow_overwrite":false,"comment":"","created_on":"2024-07-31T02:18:49.339014Z","data":[],"hostname":"grafana.patota.online","id":"306ea61ee749be51544453fbef1206a3","metadata":{"auto_added":"false","managed_by_apps":"false","managed_by_argo_tunnel":"false"},"modified_on":"2024-07-31T02:18:49.339014Z","name":"grafana.patota.online","priority":null,"proxiable":true,"proxied":false,"tags":[],"timeouts":null,"ttl":3600,"type":"A","value":"144.22.169.245","zone_id":"a9c311f79ee06c249feb89bd8ff5beec"},"sensitive_attributes":[],"private":"eyJlMmJmYjczMC1lY2FhLTExZTYtOGY4OC0zNDM2M2JjN2M0YzAiOnsiY3JlYXRlIjozMDAwMDAwMDAwMCwidXBkYXRlIjozMDAwMDAwMDAwMH0sInNjaGVtYV92ZXJzaW9uIjoiMiJ9","dependencies":["data.oci_identity_availability_domains.ads","module.vcn.oci_core_internet_gateway.ig","module.vcn.oci_core_local_peering_gateway.lpg","module.vcn.oci_core_route_table.ig","module.vcn.oci_core_vcn.vcn","oci_core_instance.rxnl-wdog","oci_core_security_list.patotanet-public-security-list","oci_core_subnet.patotanet-public-subnet","oci_identity_compartment.patota-compartment"]}]},{"mode":"managed","type":"cloudflare_record","name":"rxnl-mc","provider":"provider[\"registry.opentofu.org/cloudflare/cloudflare\"]","instances":[{"schema_version":2,"attributes":{"allow_overwrite":false,"comment":"","created_on":"2024-07-24T02:37:56.812456Z","data":[],"hostname":"mc.patota.online","id":"67fc97d2e02f291949efcc299fa38c3e","metadata":{"auto_added":"false","managed_by_apps":"false","managed_by_argo_tunnel":"false"},"modified_on":"2024-08-03T00:20:50.650782Z","name":"mc.patota.online","priority":null,"proxiable":true,"proxied":false,"tags":[],"timeouts":null,"ttl":3600,"type":"A","value":"168.138.142.71","zone_id":"a9c311f79ee06c249feb89bd8ff5beec"},"sensitive_attributes":[],"private":"eyJlMmJmYjczMC1lY2FhLTExZTYtOGY4OC0zNDM2M2JjN2M0YzAiOnsiY3JlYXRlIjozMDAwMDAwMDAwMCwidXBkYXRlIjozMDAwMDAwMDAwMH0sInNjaGVtYV92ZXJzaW9uIjoiMiJ9","dependencies":["data.oci_identity_availability_domains.ads","module.vcn.oci_core_internet_gateway.ig","module.vcn.oci_core_local_peering_gateway.lpg","module.vcn.oci_core_route_table.ig","module.vcn.oci_core_vcn.vcn","oci_core_instance.rxnl-mc1","oci_core_security_list.patotanet-public-security-list","oci_core_subnet.patotanet-public-subnet","oci_identity_compartment.patota-compartment"]}]},{"mode":"managed","type":"oci_budget_alert_rule","name":"julius_alert","provider":"provider[\"registry.opentofu.org/oracle/oci\"]","instances":[{"schema_version":0,"attributes":{"budget_id":"ocid1.budget.oc1.sa-saopaulo-1.amaaaaaay6pyv7iam65dia7k6poxui7hmocw6gafjltjclr3y5eejz6fwlja","defined_tags":{},"description":null,"display_name":"alertrule20240802224845","freeform_tags":{},"id":"ocid1.alertrule.oc1..aaaaaaaa4ses7gfkktub3dy7jgnyspdm2fw5zh6cqqictjkqecyy4n2rw3sq","message":null,"recipients":"","state":"ACTIVE","threshold":80,"threshold_type":"PERCENTAGE","time_created":"2024-08-02 22:48:45.529 +0000 UTC","time_updated":"2024-08-02 22:48:45.529 +0000 UTC","timeouts":null,"type":"ACTUAL","version":1},"sensitive_attributes":[],"private":"eyJlMmJmYjczMC1lY2FhLTExZTYtOGY4OC0zNDM2M2JjN2M0YzAiOnsiY3JlYXRlIjoxMjAwMDAwMDAwMDAwLCJkZWxldGUiOjEyMDAwMDAwMDAwMDAsInVwZGF0ZSI6MTIwMDAwMDAwMDAwMH19","dependencies":["oci_budget_budget.julius","oci_identity_compartment.patota-compartment"]}]},{"mode":"managed","type":"oci_budget_budget","name":"julius","provider":"provider[\"registry.opentofu.org/oracle/oci\"]","instances":[{"schema_version":0,"attributes":{"actual_spend":9.205533027648926,"alert_rule_count":1,"amount":150,"budget_processing_period_start_offset":1,"compartment_id":"ocid1.tenancy.oc1..aaaaaaaaynhtffelvbs3rxrzftynrid6hoivssapk2khapbi5qorw2gycypa","defined_tags":{"Oracle-Tags.CreatedBy":"default/edure95@gmail.com","Oracle-Tags.CreatedOn":"2024-08-02T22:48:45.073Z"},"description":null,"display_name":"budget20240802224845","end_date":null,"forecasted_spend":0,"freeform_tags":{},"id":"ocid1.budget.oc1.sa-saopaulo-1.amaaaaaay6pyv7iam65dia7k6poxui7hmocw6gafjltjclr3y5eejz6fwlja","processing_period_type":"MONTH","reset_period":"MONTHLY","start_date":null,"state":"ACTIVE","target_compartment_id":"ocid1.compartment.oc1..aaaaaaaas72p2wroszmzi5i35krzdoi7gl4i34sjowctwlv4h2gyybvwilda","target_type":"COMPARTMENT","targets":["ocid1.compartment.oc1..aaaaaaaas72p2wroszmzi5i35krzdoi7gl4i34sjowctwlv4h2gyybvwilda"],"time_created":"2024-08-02 22:48:45.213 +0000 UTC","time_spend_computed":"2024-08-03 14:54:55.831 +0000 UTC","time_updated":"2024-08-03 15:55:04.196 +0000 UTC","timeouts":null,"version":1},"sensitive_attributes":[],"private":"eyJlMmJmYjczMC1lY2FhLTExZTYtOGY4OC0zNDM2M2JjN2M0YzAiOnsiY3JlYXRlIjoxMjAwMDAwMDAwMDAwLCJkZWxldGUiOjEyMDAwMDAwMDAwMDAsInVwZGF0ZSI6MTIwMDAwMDAwMDAwMH19","dependencies":["oci_identity_compartment.patota-compartment"]}]},{"mode":"managed","type":"oci_core_instance","name":"rxnl-mc1","provider":"provider[\"registry.opentofu.org/oracle/oci\"]","instances":[{"schema_version":0,"attributes":{"agent_config":[{"are_all_plugins_disabled":false,"is_management_disabled":false,"is_monitoring_disabled":false,"plugins_config":[]}],"async":null,"availability_config":[{"is_live_migration_preferred":false,"recovery_action":"RESTORE_INSTANCE"}],"availability_domain":"juZR:SA-SAOPAULO-1-AD-1","boot_volume_id":"ocid1.bootvolume.oc1.sa-saopaulo-1.abtxeljr7eqy5hu6jh5j757pc3anrdeo3rvbpm4kipgmmygumojncxlsxita","capacity_reservation_id":null,"cluster_placement_group_id":null,"compartment_id":"ocid1.compartment.oc1..aaaaaaaas72p2wroszmzi5i35krzdoi7gl4i34sjowctwlv4h2gyybvwilda","compute_cluster_id":null,"create_vnic_details":[{"assign_ipv6ip":false,"assign_private_dns_record":false,"assign_public_ip":"true","defined_tags":{"Oracle-Tags.CreatedBy":"default/edure95@gmail.com","Oracle-Tags.CreatedOn":"2024-08-03T00:20:15.405Z"},"display_name":"rxnl-mc1","freeform_tags":{},"hostname_label":"","ipv6address_ipv6subnet_cidr_pair_details":[],"nsg_ids":[],"private_ip":"10.0.0.188","skip_source_dest_check":false,"subnet_id":"ocid1.subnet.oc1.sa-saopaulo-1.aaaaaaaawhrscvfffqoy5gjfyrptu5mhte5ze2dh3w5v7472baaeniinhgba","vlan_id":""}],"dedicated_vm_host_id":null,"defined_tags":{"Oracle-Tags.CreatedBy":"default/edure95@gmail.com","Oracle-Tags.CreatedOn":"2024-08-03T00:20:15.236Z"},"display_name":"rxnl-mc1","extended_metadata":{},"fault_domain":"FAULT-DOMAIN-3","freeform_tags":{},"hostname_label":"","id":"ocid1.instance.oc1.sa-saopaulo-1.antxeljry6pyv7icfw5kfzeexdixhcinu63daydarcey462hhxhccnh75nsq","image":"ocid1.image.oc1.sa-saopaulo-1.aaaaaaaa5dnsil74ysi3u4f7ajk4aoujv3fvxppbsdxi4onu3ss54ahgwmva","instance_configuration_id":null,"instance_options":[{"are_legacy_imds_endpoints_disabled":false}],"ipxe_script":null,"is_cross_numa_node":false,"is_pv_encryption_in_transit_enabled":null,"launch_mode":"PARAVIRTUALIZED","launch_options":[{"boot_volume_type":"PARAVIRTUALIZED","firmware":"UEFI_64","is_consistent_volume_naming_enabled":true,"is_pv_encryption_in_transit_enabled":false,"network_type":"PARAVIRTUALIZED","remote_data_volume_type":"PARAVIRTUALIZED"}],"launch_volume_attachments":[],"metadata":{"ssh_authorized_keys":"ssh-ed25519 AAAAC3NzaC1lZDI1NTE5AAAAINoMBnGCHBcsy+gagZOKhDSVRGS8gDCsYJLbKa2P8FH7 edu@Edus-MacBook-Pro.local"},"platform_config":[],"preemptible_instance_config":[],"preserve_boot_volume":false,"preserve_data_volumes_created_at_launch":null,"private_ip":"10.0.0.188","public_ip":"168.138.142.71","region":"sa-saopaulo-1","shape":"VM.Standard.E2.2","shape_config":[{"baseline_ocpu_utilization":"","gpu_description":"","gpus":0,"local_disk_description":"","local_disks":0,"local_disks_total_size_in_gbs":0,"max_vnic_attachments":2,"memory_in_gbs":16,"networking_bandwidth_in_gbps":1.399999976158142,"nvmes":0,"ocpus":2,"processor_description":"2.0 GHz AMD EPYC™ 7551 (Naples)","vcpus":4}],"source_details":[{"boot_volume_size_in_gbs":"47","boot_volume_vpus_per_gb":"10","instance_source_image_filter_details":[],"is_preserve_boot_volume_enabled":false,"kms_key_id":"","source_id":"ocid1.image.oc1.sa-saopaulo-1.aaaaaaaa5dnsil74ysi3u4f7ajk4aoujv3fvxppbsdxi4onu3ss54ahgwmva","source_type":"image"}],"state":"RUNNING","subnet_id":"ocid1.subnet.oc1.sa-saopaulo-1.aaaaaaaawhrscvfffqoy5gjfyrptu5mhte5ze2dh3w5v7472baaeniinhgba","system_tags":{},"time_created":"2024-08-03 00:20:15.887 +0000 UTC","time_maintenance_reboot_due":"","timeouts":null,"update_operation_constraint":null},"sensitive_attributes":[],"private":"eyJlMmJmYjczMC1lY2FhLTExZTYtOGY4OC0zNDM2M2JjN2M0YzAiOnsiY3JlYXRlIjoyNzAwMDAwMDAwMDAwLCJkZWxldGUiOjQ1MDAwMDAwMDAwMDAsInVwZGF0ZSI6MjcwMDAwMDAwMDAwMH19","dependencies":["data.oci_identity_availability_domains.ads","module.vcn.oci_core_internet_gateway.ig","module.vcn.oci_core_local_peering_gateway.lpg","module.vcn.oci_core_route_table.ig","module.vcn.oci_core_vcn.vcn","oci_core_security_list.patotanet-public-security-list","oci_core_subnet.patotanet-public-subnet","oci_identity_compartment.patota-compartment"]}]},{"mode":"managed","type":"oci_core_instance","name":"rxnl-wdog","provider":"provider[\"registry.opentofu.org/oracle/oci\"]","instances":[{"schema_version":0,"attributes":{"agent_config":[{"are_all_plugins_disabled":false,"is_management_disabled":false,"is_monitoring_disabled":false,"plugins_config":[]}],"async":null,"availability_config":[{"is_live_migration_preferred":false,"recovery_action":"RESTORE_INSTANCE"}],"availability_domain":"juZR:SA-SAOPAULO-1-AD-1","boot_volume_id":"ocid1.bootvolume.oc1.sa-saopaulo-1.abtxeljrwoa3vate626735zuazy4pyevxcja2uyl7gspqb5fo5yx2lqgigyq","capacity_reservation_id":null,"cluster_placement_group_id":null,"compartment_id":"ocid1.compartment.oc1..aaaaaaaas72p2wroszmzi5i35krzdoi7gl4i34sjowctwlv4h2gyybvwilda","compute_cluster_id":null,"create_vnic_details":[{"assign_ipv6ip":false,"assign_private_dns_record":false,"assign_public_ip":"true","defined_tags":{"Oracle-Tags.CreatedBy":"default/edure95@gmail.com","Oracle-Tags.CreatedOn":"2024-07-29T00:18:32.313Z"},"display_name":"rxnl-wdog","freeform_tags":{},"hostname_label":"","ipv6address_ipv6subnet_cidr_pair_details":[],"nsg_ids":[],"private_ip":"10.0.0.45","skip_source_dest_check":false,"subnet_id":"ocid1.subnet.oc1.sa-saopaulo-1.aaaaaaaawhrscvfffqoy5gjfyrptu5mhte5ze2dh3w5v7472baaeniinhgba","vlan_id":""}],"dedicated_vm_host_id":null,"defined_tags":{"Oracle-Tags.CreatedBy":"default/edure95@gmail.com","Oracle-Tags.CreatedOn":"2024-07-29T00:18:32.143Z"},"display_name":"rxnl-wdog","extended_metadata":{},"fault_domain":"FAULT-DOMAIN-1","freeform_tags":{},"hostname_label":"","id":"ocid1.instance.oc1.sa-saopaulo-1.antxeljry6pyv7ic6exni4bljfgypr3piung4lcnyegqr35ilk7xxr5om2kq","image":"ocid1.image.oc1.sa-saopaulo-1.aaaaaaaa5dnsil74ysi3u4f7ajk4aoujv3fvxppbsdxi4onu3ss54ahgwmva","instance_configuration_id":null,"instance_options":[{"are_legacy_imds_endpoints_disabled":false}],"ipxe_script":null,"is_cross_numa_node":false,"is_pv_encryption_in_transit_enabled":null,"launch_mode":"PARAVIRTUALIZED","launch_options":[{"boot_volume_type":"PARAVIRTUALIZED","firmware":"UEFI_64","is_consistent_volume_naming_enabled":true,"is_pv_encryption_in_transit_enabled":false,"network_type":"PARAVIRTUALIZED","remote_data_volume_type":"PARAVIRTUALIZED"}],"launch_volume_attachments":[],"metadata":{"ssh_authorized_keys":"ssh-ed25519 AAAAC3NzaC1lZDI1NTE5AAAAINoMBnGCHBcsy+gagZOKhDSVRGS8gDCsYJLbKa2P8FH7 edu@Edus-MacBook-Pro.local"},"platform_config":[],"preemptible_instance_config":[],"preserve_boot_volume":false,"preserve_data_volumes_created_at_launch":null,"private_ip":"10.0.0.45","public_ip":"144.22.169.245","region":"sa-saopaulo-1","shape":"VM.Standard.E2.1.Micro","shape_config":[{"baseline_ocpu_utilization":"","gpu_description":"","gpus":0,"local_disk_description":"","local_disks":0,"local_disks_total_size_in_gbs":0,"max_vnic_attachments":1,"memory_in_gbs":1,"networking_bandwidth_in_gbps":0.47999998927116394,"nvmes":0,"ocpus":1,"processor_description":"2.0 GHz AMD EPYC™ 7551 (Naples)","vcpus":2}],"source_details":[{"boot_volume_size_in_gbs":"47","boot_volume_vpus_per_gb":"10","instance_source_image_filter_details":[],"is_preserve_boot_volume_enabled":false,"kms_key_id":"","source_id":"ocid1.image.oc1.sa-saopaulo-1.aaaaaaaa5dnsil74ysi3u4f7ajk4aoujv3fvxppbsdxi4onu3ss54ahgwmva","source_type":"image"}],"state":"RUNNING","subnet_id":"ocid1.subnet.oc1.sa-saopaulo-1.aaaaaaaawhrscvfffqoy5gjfyrptu5mhte5ze2dh3w5v7472baaeniinhgba","system_tags":{"orcl-cloud.free-tier-retained":"true"},"time_created":"2024-07-29 00:18:33.225 +0000 UTC","time_maintenance_reboot_due":"","timeouts":null,"update_operation_constraint":null},"sensitive_attributes":[],"private":"eyJlMmJmYjczMC1lY2FhLTExZTYtOGY4OC0zNDM2M2JjN2M0YzAiOnsiY3JlYXRlIjoyNzAwMDAwMDAwMDAwLCJkZWxldGUiOjQ1MDAwMDAwMDAwMDAsInVwZGF0ZSI6MjcwMDAwMDAwMDAwMH19","dependencies":["data.oci_identity_availability_domains.ads","module.vcn.oci_core_internet_gateway.ig","module.vcn.oci_core_local_peering_gateway.lpg","module.vcn.oci_core_route_table.ig","module.vcn.oci_core_vcn.vcn","oci_core_security_list.patotanet-public-security-list","oci_core_subnet.patotanet-public-subnet","oci_identity_compartment.patota-compartment"]}]},{"mode":"managed","type":"oci_core_security_list","name":"patotanet-public-security-list","provider":"provider[\"registry.opentofu.org/oracle/oci\"]","instances":[{"schema_version":0,"attributes":{"compartment_id":"ocid1.compartment.oc1..aaaaaaaas72p2wroszmzi5i35krzdoi7gl4i34sjowctwlv4h2gyybvwilda","defined_tags":{"Oracle-Tags.CreatedBy":"default/edure95@gmail.com","Oracle-Tags.CreatedOn":"2024-07-04T01:14:47.363Z"},"display_name":"patotanet-public-security-list","egress_security_rules":[{"description":"","destination":"0.0.0.0/0","destination_type":"CIDR_BLOCK","icmp_options":[],"protocol":"all","stateless":false,"tcp_options":[],"udp_options":[]}],"freeform_tags":{},"id":"ocid1.securitylist.oc1.sa-saopaulo-1.aaaaaaaasjcfz5sqjxsmjukm6nueslqaiwfqe5teyzcoa4btvwuw2zx5fxrq","ingress_security_rules":[{"description":"","icmp_options":[],"protocol":"6","source":"0.0.0.0/0","source_type":"CIDR_BLOCK","stateless":false,"tcp_options":[{"max":2212,"min":2212,"source_port_range":[]}],"udp_options":[]},{"description":"","icmp_options":[],"protocol":"6","source":"0.0.0.0/0","source_type":"CIDR_BLOCK","stateless":false,"tcp_options":[{"max":22,"min":22,"source_port_range":[]}],"udp_options":[]},{"description":"","icmp_options":[],"protocol":"6","source":"0.0.0.0/0","source_type":"CIDR_BLOCK","stateless":false,"tcp_options":[{"max":25575,"min":25565,"source_port_range":[]}],"udp_options":[]},{"description":"","icmp_options":[],"protocol":"6","source":"0.0.0.0/0","source_type":"CIDR_BLOCK","stateless":false,"tcp_options":[{"max":80,"min":80,"source_port_range":[]}],"udp_options":[]},{"description":"","icmp_options":[],"protocol":"6","source":"10.0.0.0/24","source_type":"CIDR_BLOCK","stateless":false,"tcp_options":[{"max":3002,"min":3001,"source_port_range":[]}],"udp_options":[]},{"description":"","icmp_options":[],"protocol":"6","source":"10.0.0.0/24","source_type":"CIDR_BLOCK","stateless":false,"tcp_options":[{"max":9000,"min":9000,"source_port_range":[]}],"udp_options":[]}],"state":"AVAILABLE","time_created":"2024-07-04 01:14:47.405 +0000 UTC","timeouts":null,"vcn_id":"ocid1.vcn.oc1.sa-saopaulo-1.amaaaaaay6pyv7ia5xxh2i4wgbu6em5igoodkxizorauv3rcqug7u7mjyr2q"},"sensitive_attributes":[],"private":"eyJlMmJmYjczMC1lY2FhLTExZTYtOGY4OC0zNDM2M2JjN2M0YzAiOnsiY3JlYXRlIjoxMjAwMDAwMDAwMDAwLCJkZWxldGUiOjEyMDAwMDAwMDAwMDAsInVwZGF0ZSI6MTIwMDAwMDAwMDAwMH19","dependencies":["module.vcn.oci_core_vcn.vcn","oci_identity_compartment.patota-compartment"]}]},{"mode":"managed","type":"oci_core_subnet","name":"patotanet-public-subnet","provider":"provider[\"registry.opentofu.org/oracle/oci\"]","instances":[{"schema_version":0,"attributes":{"availability_domain":null,"cidr_block":"10.0.0.0/24","compartment_id":"ocid1.compartment.oc1..aaaaaaaas72p2wroszmzi5i35krzdoi7gl4i34sjowctwlv4h2gyybvwilda","defined_tags":{"Oracle-Tags.CreatedBy":"default/edure95@gmail.com","Oracle-Tags.CreatedOn":"2024-07-04T01:14:48.273Z"},"dhcp_options_id":"ocid1.dhcpoptions.oc1.sa-saopaulo-1.aaaaaaaaao7njnrxwwo4kb7w7k7sbnvnxxxhu7ul56i3kn3vkwxkdecjzdeq","display_name":"patotanet-public-subnet","dns_label":null,"freeform_tags":{},"id":"ocid1.subnet.oc1.sa-saopaulo-1.aaaaaaaawhrscvfffqoy5gjfyrptu5mhte5ze2dh3w5v7472baaeniinhgba","ipv6cidr_block":null,"ipv6cidr_blocks":[],"ipv6virtual_router_ip":null,"prohibit_internet_ingress":false,"prohibit_public_ip_on_vnic":false,"route_table_id":"ocid1.routetable.oc1.sa-saopaulo-1.aaaaaaaablyw7cstggpxqk6d7vfh2esqns2lguxve72qz2ucowuc3lts5qxa","security_list_ids":["ocid1.securitylist.oc1.sa-saopaulo-1.aaaaaaaasjcfz5sqjxsmjukm6nueslqaiwfqe5teyzcoa4btvwuw2zx5fxrq"],"state":"AVAILABLE","subnet_domain_name":null,"time_created":"2024-07-04 01:14:48.325 +0000 UTC","timeouts":null,"vcn_id":"ocid1.vcn.oc1.sa-saopaulo-1.amaaaaaay6pyv7ia5xxh2i4wgbu6em5igoodkxizorauv3rcqug7u7mjyr2q","virtual_router_ip":"10.0.0.1","virtual_router_mac":"00:00:17:E5:E4:F3"},"sensitive_attributes":[],"private":"eyJlMmJmYjczMC1lY2FhLTExZTYtOGY4OC0zNDM2M2JjN2M0YzAiOnsiY3JlYXRlIjoxMjAwMDAwMDAwMDAwLCJkZWxldGUiOjEyMDAwMDAwMDAwMDAsInVwZGF0ZSI6MTIwMDAwMDAwMDAwMH19","dependencies":["module.vcn.oci_core_internet_gateway.ig","module.vcn.oci_core_local_peering_gateway.lpg","module.vcn.oci_core_route_table.ig","module.vcn.oci_core_vcn.vcn","oci_core_security_list.patotanet-public-security-list","oci_identity_compartment.patota-compartment"]}]},{"mode":"managed","type":"oci_core_volume","name":"mc1_storage","provider":"provider[\"registry.opentofu.org/oracle/oci\"]","instances":[{"schema_version":0,"attributes":{"auto_tuned_vpus_per_gb":null,"autotune_policies":[],"availability_domain":"juZR:SA-SAOPAULO-1-AD-1","backup_policy_id":null,"block_volume_replicas":[],"block_volume_replicas_deletion":null,"cluster_placement_group_id":null,"compartment_id":"ocid1.compartment.oc1..aaaaaaaas72p2wroszmzi5i35krzdoi7gl4i34sjowctwlv4h2gyybvwilda","defined_tags":{"Oracle-Tags.CreatedBy":"default/edure95@gmail.com","Oracle-Tags.CreatedOn":"2024-07-04T01:14:46.622Z"},"display_name":"mc1_storage","freeform_tags":{},"id":"ocid1.volume.oc1.sa-saopaulo-1.abtxeljrbgtberyl565dlnawn5dv62hkqtwnglijotvw3pkbje6xacecpv2q","is_auto_tune_enabled":false,"is_hydrated":true,"kms_key_id":null,"size_in_gbs":"50","size_in_mbs":"51200","source_details":[],"state":"AVAILABLE","system_tags":{"orcl-cloud.free-tier-retained":"true"},"time_created":"2024-07-04 01:14:46.637 +0000 UTC","timeouts":null,"volume_backup_id":null,"volume_group_id":null,"vpus_per_gb":"10"},"sensitive_attributes":[],"private":"eyJlMmJmYjczMC1lY2FhLTExZTYtOGY4OC0zNDM2M2JjN2M0YzAiOnsiY3JlYXRlIjoxMjAwMDAwMDAwMDAwLCJkZWxldGUiOjEyMDAwMDAwMDAwMDAsInVwZGF0ZSI6MTIwMDAwMDAwMDAwMH19","dependencies":["data.oci_identity_availability_domains.ads","oci_identity_compartment.patota-compartment"]}]},{"mode":"managed","type":"oci_core_volume_attachment","name":"mc1_storage_att","provider":"provider[\"registry.opentofu.org/oracle/oci\"]","instances":[{"schema_version":0,"attributes":{"attachment_type":"paravirtualized","availability_domain":"juZR:SA-SAOPAULO-1-AD-1","chap_secret":null,"chap_username":null,"compartment_id":"ocid1.compartment.oc1..aaaaaaaas72p2wroszmzi5i35krzdoi7gl4i34sjowctwlv4h2gyybvwilda","device":null,"display_name":"mc1_storage_att","encryption_in_transit_type":null,"id":"ocid1.volumeattachment.oc1.sa-saopaulo-1.antxeljry6pyv7icxfigwdvhgm7ay3iykod6fs5adi43s33nk2z222pyeq6q","instance_id":"ocid1.instance.oc1.sa-saopaulo-1.antxeljry6pyv7icfw5kfzeexdixhcinu63daydarcey462hhxhccnh75nsq","ipv4":null,"iqn":null,"is_agent_auto_iscsi_login_enabled":null,"is_multipath":null,"is_pv_encryption_in_transit_enabled":false,"is_read_only":false,"is_shareable":false,"is_volume_created_during_launch":false,"iscsi_login_state":"","multipath_devices":[],"port":null,"state":"ATTACHED","time_created":"2024-08-03 00:20:50.467 +0000 UTC","timeouts":null,"use_chap":null,"volume_id":"ocid1.volume.oc1.sa-saopaulo-1.abtxeljrbgtberyl565dlnawn5dv62hkqtwnglijotvw3pkbje6xacecpv2q"},"sensitive_attributes":[],"private":"eyJlMmJmYjczMC1lY2FhLTExZTYtOGY4OC0zNDM2M2JjN2M0YzAiOnsiY3JlYXRlIjoxMjAwMDAwMDAwMDAwLCJkZWxldGUiOjEyMDAwMDAwMDAwMDAsInVwZGF0ZSI6MTIwMDAwMDAwMDAwMH19","dependencies":["data.oci_identity_availability_domains.ads","module.vcn.oci_core_internet_gateway.ig","module.vcn.oci_core_local_peering_gateway.lpg","module.vcn.oci_core_route_table.ig","module.vcn.oci_core_vcn.vcn","oci_core_instance.rxnl-mc1","oci_core_security_list.patotanet-public-security-list","oci_core_subnet.patotanet-public-subnet","oci_core_volume.mc1_storage","oci_identity_compartment.patota-compartment"]}]},{"mode":"managed","type":"oci_identity_compartment","name":"patota-compartment","provider":"provider[\"registry.opentofu.org/oracle/oci\"]","instances":[{"schema_version":0,"attributes":{"compartment_id":"ocid1.tenancy.oc1..aaaaaaaaynhtffelvbs3rxrzftynrid6hoivssapk2khapbi5qorw2gycypa","defined_tags":{"Oracle-Tags.CreatedBy":"default/edure95@gmail.com","Oracle-Tags.CreatedOn":"2024-07-01T19:48:44.560Z"},"description":"Compartiment for Patota cloud endeavors.","enable_delete":null,"freeform_tags":{},"id":"ocid1.compartment.oc1..aaaaaaaas72p2wroszmzi5i35krzdoi7gl4i34sjowctwlv4h2gyybvwilda","inactive_state":null,"is_accessible":true,"name":"patota","state":"ACTIVE","time_created":"2024-07-01 19:48:44.615 +0000 UTC","timeouts":null},"sensitive_attributes":[],"private":"eyJlMmJmYjczMC1lY2FhLTExZTYtOGY4OC0zNDM2M2JjN2M0YzAiOnsiZGVsZXRlIjo1NDAwMDAwMDAwMDAwfX0="}]},{"mode":"managed","type":"oci_objectstorage_bucket","name":"mc_public","provider":"provider[\"registry.opentofu.org/oracle/oci\"]","instances":[{"schema_version":0,"attributes":{"access_type":"ObjectReadWithoutList","approximate_count":"1","approximate_size":"143924131","auto_tiering":"Disabled","bucket_id":"ocid1.bucket.oc1.sa-saopaulo-1.aaaaaaaaw7sr2y4txyg3dvyv4ejme5nksx3huv3zwzhmoupxjfmjrhrtesra","compartment_id":"ocid1.compartment.oc1..aaaaaaaas72p2wroszmzi5i35krzdoi7gl4i34sjowctwlv4h2gyybvwilda","created_by":"ocid1.user.oc1..aaaaaaaa4oo64u6xmseirvaxqhl23zhepgw4a6rye67ciie6idqolyytob6q","defined_tags":{"Oracle-Tags.CreatedBy":"default/edure95@gmail.com","Oracle-Tags.CreatedOn":"2024-08-02T22:12:32.153Z"},"etag":"b4d2b435-a118-4117-bb73-857fa5951daa","freeform_tags":{},"id":"n/grytuiwswqfo/b/mc_public","is_read_only":false,"kms_key_id":null,"metadata":{},"name":"mc_public","namespace":"grytuiwswqfo","object_events_enabled":false,"object_lifecycle_policy_etag":null,"replication_enabled":false,"retention_rules":[],"storage_tier":"Standard","time_created":"2024-08-02 22:12:32.164 +0000 UTC","timeouts":null,"versioning":"Disabled"},"sensitive_attributes":[],"private":"eyJlMmJmYjczMC1lY2FhLTExZTYtOGY4OC0zNDM2M2JjN2M0YzAiOnsiY3JlYXRlIjoxMjAwMDAwMDAwMDAwLCJkZWxldGUiOjEyMDAwMDAwMDAwMDAsInVwZGF0ZSI6MTIwMDAwMDAwMDAwMH19","dependencies":["oci_identity_compartment.patota-compartment"]}]},{"module":"module.vcn","mode":"data","type":"oci_core_services","name":"all_oci_services","provider":"provider[\"registry.opentofu.org/oracle/oci\"]","instances":[{"index_key":0,"schema_version":0,"attributes":{"filter":[{"name":"name","regex":true,"values":["All .* Services In Oracle Services Network"]}],"id":"CoreServicesDataSource-0","services":[{"cidr_block":"all-gru-services-in-oracle-services-network","description":"All GRU Services In Oracle Services Network","id":"ocid1.service.oc1.sa-saopaulo-1.aaaaaaaacd57uig6rzxm2qfipukbqpje2bhztqszh3aj7zk2jtvf6gvntena","name":"All GRU Services In Oracle Services Network"}]},"sensitive_attributes":[]}]},{"module":"module.vcn","mode":"managed","type":"oci_core_default_security_list","name":"lockdown","provider":"provider[\"registry.opentofu.org/oracle/oci\"]","instances":[{"index_key":0,"schema_version":0,"attributes":{"compartment_id":"ocid1.compartment.oc1..aaaaaaaas72p2wroszmzi5i35krzdoi7gl4i34sjowctwlv4h2gyybvwilda","defined_tags":{"Oracle-Tags.CreatedBy":"default/edure95@gmail.com","Oracle-Tags.CreatedOn":"2024-07-04T01:14:46.534Z"},"display_name":"Default Security List for patotanet-vcn","egress_security_rules":[],"freeform_tags":{"module":"oracle-terraform-modules/vcn/oci","terraformed":"Please do not edit manually"},"id":"ocid1.securitylist.oc1.sa-saopaulo-1.aaaaaaaaqmqmnj2m6jver6cfbuvt63w6kcz277vbqauxhwhf2a3huwrhz6ua","ingress_security_rules":[],"manage_default_resource_id":"ocid1.securitylist.oc1.sa-saopaulo-1.aaaaaaaaqmqmnj2m6jver6cfbuvt63w6kcz277vbqauxhwhf2a3huwrhz6ua","state":"AVAILABLE","time_created":"2024-07-04 01:14:46.618 +0000 UTC","timeouts":null},"sensitive_attributes":[],"private":"eyJlMmJmYjczMC1lY2FhLTExZTYtOGY4OC0zNDM2M2JjN2M0YzAiOnsiY3JlYXRlIjoxMjAwMDAwMDAwMDAwLCJkZWxldGUiOjEyMDAwMDAwMDAwMDAsInVwZGF0ZSI6MTIwMDAwMDAwMDAwMH19","dependencies":["module.vcn.oci_core_vcn.vcn","oci_identity_compartment.patota-compartment"]}]},{"module":"module.vcn","mode":"managed","type":"oci_core_internet_gateway","name":"ig","provider":"provider[\"registry.opentofu.org/oracle/oci\"]","instances":[{"index_key":0,"schema_version":0,"attributes":{"compartment_id":"ocid1.compartment.oc1..aaaaaaaas72p2wroszmzi5i35krzdoi7gl4i34sjowctwlv4h2gyybvwilda","defined_tags":{"Oracle-Tags.CreatedBy":"default/edure95@gmail.com","Oracle-Tags.CreatedOn":"2024-07-04T01:14:47.248Z"},"display_name":"internet-gateway","enabled":true,"freeform_tags":{"module":"oracle-terraform-modules/vcn/oci","terraformed":"Please do not edit manually"},"id":"ocid1.internetgateway.oc1.sa-saopaulo-1.aaaaaaaaptxykbp5ybsbegryk7l5no3zn7dloywvzycsbex47ruzm6sn3ita","route_table_id":null,"state":"AVAILABLE","time_created":"2024-07-04 01:14:47.286 +0000 UTC","timeouts":null,"vcn_id":"ocid1.vcn.oc1.sa-saopaulo-1.amaaaaaay6pyv7ia5xxh2i4wgbu6em5igoodkxizorauv3rcqug7u7mjyr2q"},"sensitive_attributes":[],"private":"eyJlMmJmYjczMC1lY2FhLTExZTYtOGY4OC0zNDM2M2JjN2M0YzAiOnsiY3JlYXRlIjoxMjAwMDAwMDAwMDAwLCJkZWxldGUiOjEyMDAwMDAwMDAwMDAsInVwZGF0ZSI6MTIwMDAwMDAwMDAwMH19","dependencies":["module.vcn.oci_core_vcn.vcn","oci_identity_compartment.patota-compartment"]}]},{"module":"module.vcn","mode":"managed","type":"oci_core_nat_gateway","name":"nat_gateway","provider":"provider[\"registry.opentofu.org/oracle/oci\"]","instances":[{"index_key":0,"schema_version":0,"attributes":{"block_traffic":false,"compartment_id":"ocid1.compartment.oc1..aaaaaaaas72p2wroszmzi5i35krzdoi7gl4i34sjowctwlv4h2gyybvwilda","defined_tags":{"Oracle-Tags.CreatedBy":"default/edure95@gmail.com","Oracle-Tags.CreatedOn":"2024-07-04T01:14:47.311Z"},"display_name":"nat-gateway","freeform_tags":{"module":"oracle-terraform-modules/vcn/oci","terraformed":"Please do not edit manually"},"id":"ocid1.natgateway.oc1.sa-saopaulo-1.aaaaaaaaz75llzucxdz4kerunak4nflsormi6km2croefv3gananr5klyqfq","nat_ip":"144.22.134.154","public_ip_id":"ocid1.publicip.oc1.sa-saopaulo-1.aaaaaaaacqlobw2axjvgh5uv3hs2cr7hhpcksxgdulo2draayyiz577l6eoq","route_table_id":null,"state":"AVAILABLE","time_created":"2024-07-04 01:14:47.524 +0000 UTC","timeouts":null,"vcn_id":"ocid1.vcn.oc1.sa-saopaulo-1.amaaaaaay6pyv7ia5xxh2i4wgbu6em5igoodkxizorauv3rcqug7u7mjyr2q"},"sensitive_attributes":[],"private":"eyJlMmJmYjczMC1lY2FhLTExZTYtOGY4OC0zNDM2M2JjN2M0YzAiOnsiY3JlYXRlIjoxMjAwMDAwMDAwMDAwLCJkZWxldGUiOjEyMDAwMDAwMDAwMDAsInVwZGF0ZSI6MTIwMDAwMDAwMDAwMH19","dependencies":["module.vcn.oci_core_vcn.vcn","oci_identity_compartment.patota-compartment"]}]},{"module":"module.vcn","mode":"managed","type":"oci_core_route_table","name":"ig","provider":"provider[\"registry.opentofu.org/oracle/oci\"]","instances":[{"index_key":0,"schema_version":0,"attributes":{"compartment_id":"ocid1.compartment.oc1..aaaaaaaas72p2wroszmzi5i35krzdoi7gl4i34sjowctwlv4h2gyybvwilda","defined_tags":{"Oracle-Tags.CreatedBy":"default/edure95@gmail.com","Oracle-Tags.CreatedOn":"2024-07-04T01:14:47.810Z"},"display_name":"internet-route","freeform_tags":{"module":"oracle-terraform-modules/vcn/oci","terraformed":"Please do not edit manually"},"id":"ocid1.routetable.oc1.sa-saopaulo-1.aaaaaaaablyw7cstggpxqk6d7vfh2esqns2lguxve72qz2ucowuc3lts5qxa","route_rules":[{"cidr_block":"","description":"Terraformed - Auto-generated at Internet Gateway creation: Internet Gateway as default gateway","destination":"0.0.0.0/0","destination_type":"CIDR_BLOCK","network_entity_id":"ocid1.internetgateway.oc1.sa-saopaulo-1.aaaaaaaaptxykbp5ybsbegryk7l5no3zn7dloywvzycsbex47ruzm6sn3ita","route_type":""}],"state":"AVAILABLE","time_created":"2024-07-04 01:14:47.832 +0000 UTC","timeouts":null,"vcn_id":"ocid1.vcn.oc1.sa-saopaulo-1.amaaaaaay6pyv7ia5xxh2i4wgbu6em5igoodkxizorauv3rcqug7u7mjyr2q"},"sensitive_attributes":[],"private":"eyJlMmJmYjczMC1lY2FhLTExZTYtOGY4OC0zNDM2M2JjN2M0YzAiOnsiY3JlYXRlIjoxMjAwMDAwMDAwMDAwLCJkZWxldGUiOjEyMDAwMDAwMDAwMDAsInVwZGF0ZSI6MTIwMDAwMDAwMDAwMH19","dependencies":["module.vcn.oci_core_internet_gateway.ig","module.vcn.oci_core_local_peering_gateway.lpg","module.vcn.oci_core_vcn.vcn","oci_identity_compartment.patota-compartment"]}]},{"module":"module.vcn","mode":"managed","type":"oci_core_route_table","name":"nat","provider":"provider[\"registry.opentofu.org/oracle/oci\"]","instances":[{"index_key":0,"schema_version":0,"attributes":{"compartment_id":"ocid1.compartment.oc1..aaaaaaaas72p2wroszmzi5i35krzdoi7gl4i34sjowctwlv4h2gyybvwilda","defined_tags":{"Oracle-Tags.CreatedBy":"default/edure95@gmail.com","Oracle-Tags.CreatedOn":"2024-07-04T01:14:50.224Z"},"display_name":"nat-route","freeform_tags":{"module":"oracle-terraform-modules/vcn/oci","terraformed":"Please do not edit manually"},"id":"ocid1.routetable.oc1.sa-saopaulo-1.aaaaaaaadtdycpja6li5xxriri5xg3slji7dtbcpcxmng4uxj67i45jybnzq","route_rules":[{"cidr_block":"","description":"Terraformed - Auto-generated at NAT Gateway creation: NAT Gateway as default gateway","destination":"0.0.0.0/0","destination_type":"CIDR_BLOCK","network_entity_id":"ocid1.natgateway.oc1.sa-saopaulo-1.aaaaaaaaz75llzucxdz4kerunak4nflsormi6km2croefv3gananr5klyqfq","route_type":""},{"cidr_block":"","description":"Terraformed - Auto-generated at Service Gateway creation: All Services in region to Service Gateway","destination":"all-gru-services-in-oracle-services-network","destination_type":"SERVICE_CIDR_BLOCK","network_entity_id":"ocid1.servicegateway.oc1.sa-saopaulo-1.aaaaaaaabc2jzfbceixqy77nsad3jswz5dousaaj6zhvn3xg6wismqg54laq","route_type":""}],"state":"AVAILABLE","time_created":"2024-07-04 01:14:50.259 +0000 UTC","timeouts":null,"vcn_id":"ocid1.vcn.oc1.sa-saopaulo-1.amaaaaaay6pyv7ia5xxh2i4wgbu6em5igoodkxizorauv3rcqug7u7mjyr2q"},"sensitive_attributes":[],"private":"eyJlMmJmYjczMC1lY2FhLTExZTYtOGY4OC0zNDM2M2JjN2M0YzAiOnsiY3JlYXRlIjoxMjAwMDAwMDAwMDAwLCJkZWxldGUiOjEyMDAwMDAwMDAwMDAsInVwZGF0ZSI6MTIwMDAwMDAwMDAwMH19","dependencies":["module.vcn.data.oci_core_services.all_oci_services","module.vcn.oci_core_local_peering_gateway.lpg","module.vcn.oci_core_nat_gateway.nat_gateway","module.vcn.oci_core_service_gateway.service_gateway","module.vcn.oci_core_vcn.vcn","oci_identity_compartment.patota-compartment"]}]},{"module":"module.vcn","mode":"managed","type":"oci_core_route_table","name":"service_gw","provider":"provider[\"registry.opentofu.org/oracle/oci\"]","instances":[{"index_key":0,"schema_version":0,"attributes":{"compartment_id":"ocid1.compartment.oc1..aaaaaaaas72p2wroszmzi5i35krzdoi7gl4i34sjowctwlv4h2gyybvwilda","defined_tags":{"Oracle-Tags.CreatedBy":"default/edure95@gmail.com","Oracle-Tags.CreatedOn":"2024-07-04T01:14:50.198Z"},"display_name":"service-gw-route","freeform_tags":{"module":"oracle-terraform-modules/vcn/oci","terraformed":"Please do not edit manually"},"id":"ocid1.routetable.oc1.sa-saopaulo-1.aaaaaaaazmgrzoe4u3pmavgx7prnydzkwa4ys5faojrpljqv6lv7feailjsa","route_rules":[{"cidr_block":"","description":"Terraformed - Auto-generated at Service Gateway creation: All Services in region to Service Gateway","destination":"all-gru-services-in-oracle-services-network","destination_type":"SERVICE_CIDR_BLOCK","network_entity_id":"ocid1.servicegateway.oc1.sa-saopaulo-1.aaaaaaaabc2jzfbceixqy77nsad3jswz5dousaaj6zhvn3xg6wismqg54laq","route_type":""}],"state":"AVAILABLE","time_created":"2024-07-04 01:14:50.217 +0000 UTC","timeouts":null,"vcn_id":"ocid1.vcn.oc1.sa-saopaulo-1.amaaaaaay6pyv7ia5xxh2i4wgbu6em5igoodkxizorauv3rcqug7u7mjyr2q"},"sensitive_attributes":[],"private":"eyJlMmJmYjczMC1lY2FhLTExZTYtOGY4OC0zNDM2M2JjN2M0YzAiOnsiY3JlYXRlIjoxMjAwMDAwMDAwMDAwLCJkZWxldGUiOjEyMDAwMDAwMDAwMDAsInVwZGF0ZSI6MTIwMDAwMDAwMDAwMH19","dependencies":["module.vcn.data.oci_core_services.all_oci_services","module.vcn.oci_core_service_gateway.service_gateway","module.vcn.oci_core_vcn.vcn","oci_identity_compartment.patota-compartment"]}]},{"module":"module.vcn","mode":"managed","type":"oci_core_service_gateway","name":"service_gateway","provider":"provider[\"registry.opentofu.org/oracle/oci\"]","instances":[{"index_key":0,"schema_version":0,"attributes":{"block_traffic":false,"compartment_id":"ocid1.compartment.oc1..aaaaaaaas72p2wroszmzi5i35krzdoi7gl4i34sjowctwlv4h2gyybvwilda","defined_tags":{"Oracle-Tags.CreatedBy":"default/edure95@gmail.com","Oracle-Tags.CreatedOn":"2024-07-04T01:14:47.345Z"},"display_name":"service-gateway","freeform_tags":{"module":"oracle-terraform-modules/vcn/oci","terraformed":"Please do not edit manually"},"id":"ocid1.servicegateway.oc1.sa-saopaulo-1.aaaaaaaabc2jzfbceixqy77nsad3jswz5dousaaj6zhvn3xg6wismqg54laq","route_table_id":null,"services":[{"service_id":"ocid1.service.oc1.sa-saopaulo-1.aaaaaaaacd57uig6rzxm2qfipukbqpje2bhztqszh3aj7zk2jtvf6gvntena","service_name":"All GRU Services In Oracle Services Network"}],"state":"AVAILABLE","time_created":"2024-07-04 01:14:49.298 +0000 UTC","timeouts":null,"vcn_id":"ocid1.vcn.oc1.sa-saopaulo-1.amaaaaaay6pyv7ia5xxh2i4wgbu6em5igoodkxizorauv3rcqug7u7mjyr2q"},"sensitive_attributes":[],"private":"eyJlMmJmYjczMC1lY2FhLTExZTYtOGY4OC0zNDM2M2JjN2M0YzAiOnsiY3JlYXRlIjoxMjAwMDAwMDAwMDAwLCJkZWxldGUiOjEyMDAwMDAwMDAwMDAsInVwZGF0ZSI6MTIwMDAwMDAwMDAwMH19","dependencies":["module.vcn.data.oci_core_services.all_oci_services","module.vcn.oci_core_vcn.vcn","oci_identity_compartment.patota-compartment"]}]},{"module":"module.vcn","mode":"managed","type":"oci_core_vcn","name":"vcn","provider":"provider[\"registry.opentofu.org/oracle/oci\"]","instances":[{"schema_version":0,"attributes":{"byoipv6cidr_blocks":[],"byoipv6cidr_details":[],"cidr_block":"10.0.0.0/16","cidr_blocks":["10.0.0.0/16"],"compartment_id":"ocid1.compartment.oc1..aaaaaaaas72p2wroszmzi5i35krzdoi7gl4i34sjowctwlv4h2gyybvwilda","default_dhcp_options_id":"ocid1.dhcpoptions.oc1.sa-saopaulo-1.aaaaaaaaao7njnrxwwo4kb7w7k7sbnvnxxxhu7ul56i3kn3vkwxkdecjzdeq","default_route_table_id":"ocid1.routetable.oc1.sa-saopaulo-1.aaaaaaaad5o7azngshlvp2uiwvqrjzq36776yms6am2po5k4dajiowgt3s4a","default_security_list_id":"ocid1.securitylist.oc1.sa-saopaulo-1.aaaaaaaaqmqmnj2m6jver6cfbuvt63w6kcz277vbqauxhwhf2a3huwrhz6ua","defined_tags":{"Oracle-Tags.CreatedBy":"default/edure95@gmail.com","Oracle-Tags.CreatedOn":"2024-07-04T01:14:46.534Z"},"display_name":"patotanet-vcn","dns_label":"patota","freeform_tags":{"module":"oracle-terraform-modules/vcn/oci","terraformed":"Please do not edit manually"},"id":"ocid1.vcn.oc1.sa-saopaulo-1.amaaaaaay6pyv7ia5xxh2i4wgbu6em5igoodkxizorauv3rcqug7u7mjyr2q","ipv6cidr_blocks":[],"ipv6private_cidr_blocks":[],"is_ipv6enabled":false,"is_oracle_gua_allocation_enabled":null,"state":"AVAILABLE","time_created":"2024-07-04 01:14:46.618 +0000 UTC","timeouts":null,"vcn_domain_name":"patota.oraclevcn.com"},"sensitive_attributes":[],"private":"eyJlMmJmYjczMC1lY2FhLTExZTYtOGY4OC0zNDM2M2JjN2M0YzAiOnsiY3JlYXRlIjoxMjAwMDAwMDAwMDAwLCJkZWxldGUiOjEyMDAwMDAwMDAwMDAsInVwZGF0ZSI6MTIwMDAwMDAwMDAwMH19","dependencies":["oci_identity_compartment.patota-compartment"]}]}],"check_results":[{"object_kind":"var","config_addr":"module.vcn.var.vcn_dns_label","status":"pass","objects":[{"object_addr":"module.vcn.var.vcn_dns_label","status":"pass"}]},{"object_kind":"var","config_addr":"module.vcn.var.vcn_name","status":"pass","objects":[{"object_addr":"module.vcn.var.vcn_name","status":"pass"}]},{"object_kind":"var","config_addr":"module.vcn.var.nat_gateway_display_name","status":"unknown","objects":[{"object_addr":"module.vcn.var.nat_gateway_display_name","status":"unknown"}]},{"object_kind":"var","config_addr":"module.vcn.var.internet_gateway_display_name","status":"unknown","objects":[{"object_addr":"module.vcn.var.internet_gateway_display_name","status":"unknown"}]},{"object_kind":"var","config_addr":"module.vcn.var.service_gateway_display_name","status":"unknown","objects":[{"object_addr":"module.vcn.var.service_gateway_display_name","status":"unknown"}]}]}
